
Microsoft Visual Studio Solution File, Format Version 12.00
# Visual Studio Version 17
VisualStudioVersion = 17.5.33502.453
MinimumVisualStudioVersion = 10.0.40219.1
Project("{FAE04EC0-301F-11D3-BF4B-00C04F79EFBC}") = "Eleviant.Mentoring.Web", "Eleviant.Mentoring.Web\Eleviant.Mentoring.Web.csproj", "{EC7526EE-ADD4-455E-86B7-D93EB2DDF46C}"
EndProject
Global
	GlobalSection(SolutionConfigurationPlatforms) = preSolution
		Debug|Any CPU = Debug|Any CPU
		Release|Any CPU = Release|Any CPU
	EndGlobalSection
	GlobalSection(ProjectConfigurationPlatforms) = postSolution
		{EC7526EE-ADD4-455E-86B7-D93EB2DDF46C}.Debug|Any CPU.ActiveCfg = Debug|Any CPU
		{EC7526EE-ADD4-455E-86B7-D93EB2DDF46C}.Debug|Any CPU.Build.0 = Debug|Any CPU
		{EC7526EE-ADD4-455E-86B7-D93EB2DDF46C}.Release|Any CPU.ActiveCfg = Release|Any CPU
		{EC7526EE-ADD4-455E-86B7-D93EB2DDF46C}.Release|Any CPU.Build.0 = Release|Any CPU
	EndGlobalSection
	GlobalSection(SolutionProperties) = preSolution
		HideSolutionNode = FALSE
	EndGlobalSection
	GlobalSection(ExtensibilityGlobals) = postSolution
		SolutionGuid = {33616D98-E15A-4468-BCA8-C673ED44A422}
	EndGlobalSection
EndGlobal
